// !$*UTF8*$!
{
	archiveVersion = 1;
	classes = {
	};
	objectVersion = 46;
	objects = {

/* Begin PBXBuildFile section */
		18EA84391B9B17D100D417EE /* Book.swift in Sources */ = {isa = PBXBuildFile; fileRef = 18EA84351B9B17D100D417EE /* Book.swift */; settings = {ASSET_TAGS = (); }; };
		18EA843A1B9B17D100D417EE /* Bookbase.swift in Sources */ = {isa = PBXBuildFile; fileRef = 18EA84361B9B17D100D417EE /* Bookbase.swift */; settings = {ASSET_TAGS = (); }; };
		18EA843B1B9B17D100D417EE /* SpecificBook.swift in Sources */ = {isa = PBXBuildFile; fileRef = 18EA84371B9B17D100D417EE /* SpecificBook.swift */; settings = {ASSET_TAGS = (); }; };
		18EA843C1B9B17D100D417EE /* Student.swift in Sources */ = {isa = PBXBuildFile; fileRef = 18EA84381B9B17D100D417EE /* Student.swift */; settings = {ASSET_TAGS = (); }; };
		8B807DF81B9B611300917BA6 /* SellBookViewController.swift in Sources */ = {isa = PBXBuildFile; fileRef = 8B807DF71B9B611300917BA6 /* SellBookViewController.swift */; settings = {ASSET_TAGS = (); }; };
		8BB111341B9AACB500924F1A /* AppDelegate.swift in Sources */ = {isa = PBXBuildFile; fileRef = 8BB111331B9AACB500924F1A /* AppDelegate.swift */; };
		8BB111361B9AACB500924F1A /* ViewController.swift in Sources */ = {isa = PBXBuildFile; fileRef = 8BB111351B9AACB500924F1A /* ViewController.swift */; };
		8BB111391B9AACB500924F1A /* Main.storyboard in Resources */ = {isa = PBXBuildFile; fileRef = 8BB111371B9AACB500924F1A /* Main.storyboard */; };
		8BB1113B1B9AACB500924F1A /* Images.xcassets in Resources */ = {isa = PBXBuildFile; fileRef = 8BB1113A1B9AACB500924F1A /* Images.xcassets */; };
		8BB1113E1B9AACB500924F1A /* LaunchScreen.xib in Resources */ = {isa = PBXBuildFile; fileRef = 8BB1113C1B9AACB500924F1A /* LaunchScreen.xib */; };
		8BB1114A1B9AACB500924F1A /* BookTradeTests.swift in Sources */ = {isa = PBXBuildFile; fileRef = 8BB111491B9AACB500924F1A /* BookTradeTests.swift */; };
		8BB111561B9ABA4E00924F1A /* RegisterPageViewController.swift in Sources */ = {isa = PBXBuildFile; fileRef = 8BB111551B9ABA4E00924F1A /* RegisterPageViewController.swift */; };
		8BB111581B9ABFCA00924F1A /* LoginViewController.swift in Sources */ = {isa = PBXBuildFile; fileRef = 8BB111571B9ABFCA00924F1A /* LoginViewController.swift */; };
/* End PBXBuildFile section */

/* Begin PBXContainerItemProxy section */
		8BB111441B9AACB500924F1A /* PBXContainerItemProxy */ = {
			isa = PBXContainerItemProxy;
			containerPortal = 8BB111261B9AACB400924F1A /* Project object */;
			proxyType = 1;
			remoteGlobalIDString = 8BB1112D1B9AACB500924F1A;
			remoteInfo = BookTrade;
		};
/* End PBXContainerItemProxy section */

/* Begin PBXFileReference section */
		18EA84351B9B17D100D417EE /* Book.swift */ = {isa = PBXFileReference; fileEncoding = 4; lastKnownFileType = sourcecode.swift; path = Book.swift; sourceTree = "<group>"; };
		18EA84361B9B17D100D417EE /* Bookbase.swift */ = {isa = PBXFileReference; fileEncoding = 4; lastKnownFileType = sourcecode.swift; path = Bookbase.swift; sourceTree = "<group>"; };
		18EA84371B9B17D100D417EE /* SpecificBook.swift */ = {isa = PBXFileReference; fileEncoding = 4; lastKnownFileType = sourcecode.swift; path = SpecificBook.swift; sourceTree = "<group>"; };
		18EA84381B9B17D100D417EE /* Student.swift */ = {isa = PBXFileReference; fileEncoding = 4; lastKnownFileType = sourcecode.swift; path = Student.swift; sourceTree = "<group>"; };
		8B807DF71B9B611300917BA6 /* SellBookViewController.swift */ = {isa = PBXFileReference; fileEncoding = 4; lastKnownFileType = sourcecode.swift; path = SellBookViewController.swift; sourceTree = "<group>"; };
		8BB1112E1B9AACB500924F1A /* BookTrade.app */ = {isa = PBXFileReference; explicitFileType = wrapper.application; includeInIndex = 0; path = BookTrade.app; sourceTree = BUILT_PRODUCTS_DIR; };
		8BB111321B9AACB500924F1A /* Info.plist */ = {isa = PBXFileReference; lastKnownFileType = text.plist.xml; path = Info.plist; sourceTree = "<group>"; };
		8BB111331B9AACB500924F1A /* AppDelegate.swift */ = {isa = PBXFileReference; lastKnownFileType = sourcecode.swift; path = AppDelegate.swift; sourceTree = "<group>"; };
		8BB111351B9AACB500924F1A /* ViewController.swift */ = {isa = PBXFileReference; lastKnownFileType = sourcecode.swift; path = ViewController.swift; sourceTree = "<group>"; };
		8BB111381B9AACB500924F1A /* Base */ = {isa = PBXFileReference; lastKnownFileType = file.storyboard; name = Base; path = Base.lproj/Main.storyboard; sourceTree = "<group>"; };
		8BB1113A1B9AACB500924F1A /* Images.xcassets */ = {isa = PBXFileReference; lastKnownFileType = folder.assetcatalog; path = Images.xcassets; sourceTree = "<group>"; };
		8BB1113D1B9AACB500924F1A /* Base */ = {isa = PBXFileReference; lastKnownFileType = file.xib; name = Base; path = Base.lproj/LaunchScreen.xib; sourceTree = "<group>"; };
		8BB111431B9AACB500924F1A /* BookTradeTests.xctest */ = {isa = PBXFileReference; explicitFileType = wrapper.cfbundle; includeInIndex = 0; path = BookTradeTests.xctest; sourceTree = BUILT_PRODUCTS_DIR; };
		8BB111481B9AACB500924F1A /* Info.plist */ = {isa = PBXFileReference; lastKnownFileType = text.plist.xml; path = Info.plist; sourceTree = "<group>"; };
		8BB111491B9AACB500924F1A /* BookTradeTests.swift */ = {isa = PBXFileReference; lastKnownFileType = sourcecode.swift; path = BookTradeTests.swift; sourceTree = "<group>"; };
		8BB111551B9ABA4E00924F1A /* RegisterPageViewController.swift */ = {isa = PBXFileReference; fileEncoding = 4; lastKnownFileType = sourcecode.swift; path = RegisterPageViewController.swift; sourceTree = "<group>"; };
		8BB111571B9ABFCA00924F1A /* LoginViewController.swift */ = {isa = PBXFileReference; fileEncoding = 4; lastKnownFileType = sourcecode.swift; path = LoginViewController.swift; sourceTree = "<group>"; };
/* End PBXFileReference section */

/* Begin PBXFrameworksBuildPhase section */
		8BB1112B1B9AACB500924F1A /* Frameworks */ = {
			isa = PBXFrameworksBuildPhase;
			buildActionMask = 2147483647;
			files = (
			);
			runOnlyForDeploymentPostprocessing = 0;
		};
		8BB111401B9AACB500924F1A /* Frameworks */ = {
			isa = PBXFrameworksBuildPhase;
			buildActionMask = 2147483647;
			files = (
			);
			runOnlyForDeploymentPostprocessing = 0;
		};
/* End PBXFrameworksBuildPhase section */

/* Begin PBXGroup section */
		18EA84341B9B17A700D417EE /* Objects */ = {
			isa = PBXGroup;
			children = (
				18EA84351B9B17D100D417EE /* Book.swift */,
				18EA84361B9B17D100D417EE /* Bookbase.swift */,
				18EA84371B9B17D100D417EE /* SpecificBook.swift */,
				18EA84381B9B17D100D417EE /* Student.swift */,
			);
			name = Objects;
			sourceTree = "<group>";
		};
		8BB111251B9AACB400924F1A = {
			isa = PBXGroup;
			children = (
				8BB111301B9AACB500924F1A /* BookTrade */,
				8BB111461B9AACB500924F1A /* BookTradeTests */,
				8BB1112F1B9AACB500924F1A /* Products */,
			);
			sourceTree = "<group>";
		};
		8BB1112F1B9AACB500924F1A /* Products */ = {
			isa = PBXGroup;
			children = (
				8BB1112E1B9AACB500924F1A /* BookTrade.app */,
				8BB111431B9AACB500924F1A /* BookTradeTests.xctest */,
			);
			name = Products;
			sourceTree = "<group>";
		};
		8BB111301B9AACB500924F1A /* BookTrade */ = {
			isa = PBXGroup;
			children = (
				18EA84341B9B17A700D417EE /* Objects */,
				8BB111331B9AACB500924F1A /* AppDelegate.swift */,
				8BB111351B9AACB500924F1A /* ViewController.swift */,
				8BB111371B9AACB500924F1A /* Main.storyboard */,
				8BB1113A1B9AACB500924F1A /* Images.xcassets */,
				8BB1113C1B9AACB500924F1A /* LaunchScreen.xib */,
				8BB111311B9AACB500924F1A /* Supporting Files */,
				8BB111551B9ABA4E00924F1A /* RegisterPageViewController.swift */,
				8BB111571B9ABFCA00924F1A /* LoginViewController.swift */,
				8B807DF71B9B611300917BA6 /* SellBookViewController.swift */,
			);
			path = BookTrade;
			sourceTree = "<group>";
		};
		8BB111311B9AACB500924F1A /* Supporting Files */ = {
			isa = PBXGroup;
			children = (
				8BB111321B9AACB500924F1A /* Info.plist */,
			);
			name = "Supporting Files";
			sourceTree = "<group>";
		};
		8BB111461B9AACB500924F1A /* BookTradeTests */ = {
			isa = PBXGroup;
			children = (
				8BB111491B9AACB500924F1A /* BookTradeTests.swift */,
				8BB111471B9AACB500924F1A /* Supporting Files */,
			);
			path = BookTradeTests;
			sourceTree = "<group>";
		};
		8BB111471B9AACB500924F1A /* Supporting Files */ = {
			isa = PBXGroup;
			children = (
				8BB111481B9AACB500924F1A /* Info.plist */,
			);
			name = "Supporting Files";
			sourceTree = "<group>";
		};
/* End PBXGroup section */

/* Begin PBXNativeTarget section */
		8BB1112D1B9AACB500924F1A /* BookTrade */ = {
			isa = PBXNativeTarget;
			buildConfigurationList = 8BB1114D1B9AACB500924F1A /* Build configuration list for PBXNativeTarget "BookTrade" */;
			buildPhases = (
				8BB1112A1B9AACB500924F1A /* Sources */,
				8BB1112B1B9AACB500924F1A /* Frameworks */,
				8BB1112C1B9AACB500924F1A /* Resources */,
			);
			buildRules = (
			);
			dependencies = (
			);
			name = BookTrade;
			productName = BookTrade;
			productReference = 8BB1112E1B9AACB500924F1A /* BookTrade.app */;
			productType = "com.apple.product-type.application";
		};
		8BB111421B9AACB500924F1A /* BookTradeTests */ = {
			isa = PBXNativeTarget;
			buildConfigurationList = 8BB111501B9AACB500924F1A /* Build configuration list for PBXNativeTarget "BookTradeTests" */;
			buildPhases = (
				8BB1113F1B9AACB500924F1A /* Sources */,
				8BB111401B9AACB500924F1A /* Frameworks */,
				8BB111411B9AACB500924F1A /* Resources */,
			);
			buildRules = (
			);
			dependencies = (
				8BB111451B9AACB500924F1A /* PBXTargetDependency */,
			);
			name = BookTradeTests;
			productName = BookTradeTests;
			productReference = 8BB111431B9AACB500924F1A /* BookTradeTests.xctest */;
			productType = "com.apple.product-type.bundle.unit-test";
		};
/* End PBXNativeTarget section */

/* Begin PBXProject section */
		8BB111261B9AACB400924F1A /* Project object */ = {
			isa = PBXProject;
			attributes = {
				LastSwiftMigration = 0700;
				LastSwiftUpdateCheck = 0700;
				LastUpgradeCheck = 0700;
				ORGANIZATIONNAME = BookTrade;
				TargetAttributes = {
					8BB1112D1B9AACB500924F1A = {
						CreatedOnToolsVersion = 6.3;
					};
					8BB111421B9AACB500924F1A = {
						CreatedOnToolsVersion = 6.3;
						TestTargetID = 8BB1112D1B9AACB500924F1A;
					};
				};
			};
			buildConfigurationList = 8BB111291B9AACB400924F1A /* Build configuration list for PBXProject "BookTrade" */;
			compatibilityVersion = "Xcode 3.2";
			developmentRegion = English;
			hasScannedForEncodings = 0;
			knownRegions = (
				en,
				Base,
			);
			mainGroup = 8BB111251B9AACB400924F1A;
			productRefGroup = 8BB1112F1B9AACB500924F1A /* Products */;
			projectDirPath = "";
			projectRoot = "";
			targets = (
				8BB1112D1B9AACB500924F1A /* BookTrade */,
				8BB111421B9AACB500924F1A /* BookTradeTests */,
			);
		};
/* End PBXProject section */

/* Begin PBXResourcesBuildPhase section */
		8BB1112C1B9AACB500924F1A /* Resources */ = {
			isa = PBXResourcesBuildPhase;
			buildActionMask = 2147483647;
			files = (
				8BB111391B9AACB500924F1A /* Main.storyboard in Resources */,
				8BB1113E1B9AACB500924F1A /* LaunchScreen.xib in Resources */,
				8BB1113B1B9AACB500924F1A /* Images.xcassets in Resources */,
			);
			runOnlyForDeploymentPostprocessing = 0;
		};
		8BB111411B9AACB500924F1A /* Resources */ = {
			isa = PBXResourcesBuildPhase;
			buildActionMask = 2147483647;
			files = (
			);
			runOnlyForDeploymentPostprocessing = 0;
		};
/* End PBXResourcesBuildPhase section */

/* Begin PBXSourcesBuildPhase section */
		8BB1112A1B9AACB500924F1A /* Sources */ = {
			isa = PBXSourcesBuildPhase;
			buildActionMask = 2147483647;
			files = (
				8BB111581B9ABFCA00924F1A /* LoginViewController.swift in Sources */,
				8B807DF81B9B611300917BA6 /* SellBookViewController.swift in Sources */,
				8BB111361B9AACB500924F1A /* ViewController.swift in Sources */,
				8BB111341B9AACB500924F1A /* AppDelegate.swift in Sources */,
				18EA843B1B9B17D100D417EE /* SpecificBook.swift in Sources */,
				18EA84391B9B17D100D417EE /* Book.swift in Sources */,
				8BB111561B9ABA4E00924F1A /* RegisterPageViewController.swift in Sources */,
				18EA843A1B9B17D100D417EE /* Bookbase.swift in Sources */,
				18EA843C1B9B17D100D417EE /* Student.swift in Sources */,
			);
			runOnlyForDeploymentPostprocessing = 0;
		};
		8BB1113F1B9AACB500924F1A /* Sources */ = {
			isa = PBXSourcesBuildPhase;
			buildActionMask = 2147483647;
			files = (
				8BB1114A1B9AACB500924F1A /* BookTradeTests.swift in Sources */,
			);
			runOnlyForDeploymentPostprocessing = 0;
		};
/* End PBXSourcesBuildPhase section */

/* Begin PBXTargetDependency section */
		8BB111451B9AACB500924F1A /* PBXTargetDependency */ = {
			isa = PBXTargetDependency;
			target = 8BB1112D1B9AACB500924F1A /* BookTrade */;
			targetProxy = 8BB111441B9AACB500924F1A /* PBXContainerItemProxy */;
		};
/* End PBXTargetDependency section */

/* Begin PBXVariantGroup section */
		8BB111371B9AACB500924F1A /* Main.storyboard */ = {
			isa = PBXVariantGroup;
			children = (
				8BB111381B9AACB500924F1A /* Base */,
			);
			name = Main.storyboard;
			sourceTree = "<group>";
		};
		8BB1113C1B9AACB500924F1A /* LaunchScreen.xib */ = {
			isa = PBXVariantGroup;
			children = (
				8BB1113D1B9AACB500924F1A /* Base */,
			);
			name = LaunchScreen.xib;
			sourceTree = "<group>";
		};
/* End PBXVariantGroup section */

/* Begin XCBuildConfiguration section */
		8BB1114B1B9AACB500924F1A /* Debug */ = {
			isa = XCBuildConfiguration;
			buildSettings = {
				ALWAYS_SEARCH_USER_PATHS = NO;
				CLANG_CXX_LANGUAGE_STANDARD = "gnu++0x";
				CLANG_CXX_LIBRARY = "libc++";
				CLANG_ENABLE_MODULES = YES;
				CLANG_ENABLE_OBJC_ARC = YES;
				CLANG_WARN_BOOL_CONVERSION = YES;
				CLANG_WARN_CONSTANT_CONVERSION = YES;
				CLANG_WARN_DIRECT_OBJC_ISA_USAGE = YES_ERROR;
				CLANG_WARN_EMPTY_BODY = YES;
				CLANG_WARN_ENUM_CONVERSION = YES;
				CLANG_WARN_INT_CONVERSION = YES;
				CLANG_WARN_OBJC_ROOT_CLASS = YES_ERROR;
				CLANG_WARN_UNREACHABLE_CODE = YES;
				CLANG_WARN__DUPLICATE_METHOD_MATCH = YES;
				"CODE_SIGN_IDENTITY[sdk=iphoneos*]" = "iPhone Developer";
				COPY_PHASE_STRIP = NO;
				DEBUG_INFORMATION_FORMAT = "dwarf-with-dsym";
				ENABLE_STRICT_OBJC_MSGSEND = YES;
				ENABLE_TESTABILITY = YES;
				GCC_C_LANGUAGE_STANDARD = gnu99;
				GCC_DYNAMIC_NO_PIC = NO;
				GCC_NO_COMMON_BLOCKS = YES;
				GCC_OPTIMIZATION_LEVEL = 0;
				GCC_PREPROCESSOR_DEFINITIONS = (
					"DEBUG=1",
					"$(inherited)",
				);
				GCC_SYMBOLS_PRIVATE_EXTERN = NO;
				GCC_WARN_64_TO_32_BIT_CONVERSION = YES;
				GCC_WARN_ABOUT_RETURN_TYPE = YES_ERROR;
				GCC_WARN_UNDECLARED_SELECTOR = YES;
				GCC_WARN_UNINITIALIZED_AUTOS = YES_AGGRESSIVE;
				GCC_WARN_UNUSED_FUNCTION = YES;
				GCC_WARN_UNUSED_VARIABLE = YES;
				IPHONEOS_DEPLOYMENT_TARGET = 8.3;
				MTL_ENABLE_DEBUG_INFO = YES;
				ONLY_ACTIVE_ARCH = YES;
				SDKROOT = iphoneos;
				SWIFT_OPTIMIZATION_LEVEL = "-Onone";
				TARGETED_DEVICE_FAMILY = "1,2";
			};
			name = Debug;
		};
		8BB1114C1B9AACB500924F1A /* Release */ = {
			isa = XCBuildConfiguration;
			buildSettings = {
				ALWAYS_SEARCH_USER_PATHS = NO;
				CLANG_CXX_LANGUAGE_STANDARD = "gnu++0x";
				CLANG_CXX_LIBRARY = "libc++";
				CLANG_ENABLE_MODULES = YES;
				CLANG_ENABLE_OBJC_ARC = YES;
				CLANG_WARN_BOOL_CONVERSION = YES;
				CLANG_WARN_CONSTANT_CONVERSION = YES;
				CLANG_WARN_DIRECT_OBJC_ISA_USAGE = YES_ERROR;
				CLANG_WARN_EMPTY_BODY = YES;
				CLANG_WARN_ENUM_CONVERSION = YES;
				CLANG_WARN_INT_CONVERSION = YES;
				CLANG_WARN_OBJC_ROOT_CLASS = YES_ERROR;
				CLANG_WARN_UNREACHABLE_CODE = YES;
				CLANG_WARN__DUPLICATE_METHOD_MATCH = YES;
				"CODE_SIGN_IDENTITY[sdk=iphoneos*]" = "iPhone Developer";
				COPY_PHASE_STRIP = NO;
				DEBUG_INFORMATION_FORMAT = "dwarf-with-dsym";
				ENABLE_NS_ASSERTIONS = NO;
				ENABLE_STRICT_OBJC_MSGSEND = YES;
				GCC_C_LANGUAGE_STANDARD = gnu99;
				GCC_NO_COMMON_BLOCKS = YES;
				GCC_WARN_64_TO_32_BIT_CONVERSION = YES;
				GCC_WARN_ABOUT_RETURN_TYPE = YES_ERROR;
				GCC_WARN_UNDECLARED_SELECTOR = YES;
				GCC_WARN_UNINITIALIZED_AUTOS = YES_AGGRESSIVE;
				GCC_WARN_UNUSED_FUNCTION = YES;
				GCC_WARN_UNUSED_VARIABLE = YES;
				IPHONEOS_DEPLOYMENT_TARGET = 8.3;
				MTL_ENABLE_DEBUG_INFO = NO;
				SDKROOT = iphoneos;
				TARGETED_DEVICE_FAMILY = "1,2";
				VALIDATE_PRODUCT = YES;
			};
			name = Release;
		};
		8BB1114E1B9AACB500924F1A /* Debug */ = {
			isa = XCBuildConfiguration;
			buildSettings = {
				ASSETCATALOG_COMPILER_APPICON_NAME = AppIcon;
				INFOPLIST_FILE = BookTrade/Info.plist;
				LD_RUNPATH_SEARCH_PATHS = "$(inherited) @executable_path/Frameworks";
				PRODUCT_BUNDLE_IDENTIFIER = "OTCJ.$(PRODUCT_NAME:rfc1034identifier)";
				PRODUCT_NAME = "$(TARGET_NAME)";
			};
			name = Debug;
		};
		8BB1114F1B9AACB500924F1A /* Release */ = {
			isa = XCBuildConfiguration;
			buildSettings = {
				ASSETCATALOG_COMPILER_APPICON_NAME = AppIcon;
				INFOPLIST_FILE = BookTrade/Info.plist;
				LD_RUNPATH_SEARCH_PATHS = "$(inherited) @executable_path/Frameworks";
				PRODUCT_BUNDLE_IDENTIFIER = "OTCJ.$(PRODUCT_NAME:rfc1034identifier)";
				PRODUCT_NAME = "$(TARGET_NAME)";
			};
			name = Release;
		};
		8BB111511B9AACB500924F1A /* Debug */ = {
			isa = XCBuildConfiguration;
			buildSettings = {
				BUNDLE_LOADER = "$(TEST_HOST)";
				FRAMEWORK_SEARCH_PATHS = (
					"$(SDKROOT)/Developer/Library/Frameworks",
					"$(inherited)",
				);
				GCC_PREPROCESSOR_DEFINITIONS = (
					"DEBUG=1",
					"$(inherited)",
				);
				INFOPLIST_FILE = BookTradeTests/Info.plist;
				LD_RUNPATH_SEARCH_PATHS = "$(inherited) @executable_path/Frameworks @loader_path/Frameworks";
				PRODUCT_BUNDLE_IDENTIFIER = "OTCJ.$(PRODUCT_NAME:rfc1034identifier)";
				PRODUCT_NAME = "$(TARGET_NAME)";
				TEST_HOST = "$(BUILT_PRODUCTS_DIR)/BookTrade.app/BookTrade";
			};
			name = Debug;
		};
		8BB111521B9AACB500924F1A /* Release */ = {
			isa = XCBuildConfiguration;
			buildSettings = {
				BUNDLE_LOADER = "$(TEST_HOST)";
				FRAMEWORK_SEARCH_PATHS = (
					"$(SDKROOT)/Developer/Library/Frameworks",
					"$(inherited)",
				);
				INFOPLIST_FILE = BookTradeTests/Info.plist;
				LD_RUNPATH_SEARCH_PATHS = "$(inherited) @executable_path/Frameworks @loader_path/Frameworks";
				PRODUCT_BUNDLE_IDENTIFIER = "OTCJ.$(PRODUCT_NAME:rfc1034identifier)";
				PRODUCT_NAME = "$(TARGET_NAME)";
				TEST_HOST = "$(BUILT_PRODUCTS_DIR)/BookTrade.app/BookTrade";
			};
			name = Release;
		};
/* End XCBuildConfiguration section */

/* Begin XCConfigurationList section */
		8BB111291B9AACB400924F1A /* Build configuration list for PBXProject "BookTrade" */ = {
			isa = XCConfigurationList;
			buildConfigurations = (
				8BB1114B1B9AACB500924F1A /* Debug */,
				8BB1114C1B9AACB500924F1A /* Release */,
			);
			defaultConfigurationIsVisible = 0;
			defaultConfigurationName = Release;
		};
		8BB1114D1B9AACB500924F1A /* Build configuration list for PBXNativeTarget "BookTrade" */ = {
			isa = XCConfigurationList;
			buildConfigurations = (
				8BB1114E1B9AACB500924F1A /* Debug */,
				8BB1114F1B9AACB500924F1A /* Release */,
			);
			defaultConfigurationIsVisible = 0;
			defaultConfigurationName = Release;
		};
		8BB111501B9AACB500924F1A /* Build configuration list for PBXNativeTarget "BookTradeTests" */ = {
			isa = XCConfigurationList;
			buildConfigurations = (
				8BB111511B9AACB500924F1A /* Debug */,
				8BB111521B9AACB500924F1A /* Release */,
			);
			defaultConfigurationIsVisible = 0;
			defaultConfigurationName = Release;
		};
/* End XCConfigurationList section */
	};
	rootObject = 8BB111261B9AACB400924F1A /* Project object */;
}
